
Microsoft Visual Studio Solution File, Format Version 12.00
# Visual Studio Version 17
VisualStudioVersion = 17.5.002.0
MinimumVisualStudioVersion = 10.0.40219.1
Project("{9A19103F-16F7-4668-BE54-9A1E7A4F7556}") = "SkiaSharpSample", "SkiaSharpSample.csproj", "{D91D4990-C24F-4765-B07A-10F980BA7EF6}"
EndProject
Global
	GlobalSection(SolutionConfigurationPlatforms) = preSolution
		Debug|Any CPU = Debug|Any CPU
		Release|Any CPU = Release|Any CPU
	EndGlobalSection
	GlobalSection(ProjectConfigurationPlatforms) = postSolution
		{D91D4990-C24F-4765-B07A-10F980BA7EF6}.Debug|Any CPU.ActiveCfg = Debug|Any CPU
		{D91D4990-C24F-4765-B07A-10F980BA7EF6}.Debug|Any CPU.Build.0 = Debug|Any CPU
		{D91D4990-C24F-4765-B07A-10F980BA7EF6}.Release|Any CPU.ActiveCfg = Release|Any CPU
		{D91D4990-C24F-4765-B07A-10F980BA7EF6}.Release|Any CPU.Build.0 = Release|Any CPU
	EndGlobalSection
	GlobalSection(SolutionProperties) = preSolution
		HideSolutionNode = FALSE
	EndGlobalSection
	GlobalSection(ExtensibilityGlobals) = postSolution
		SolutionGuid = {550B1103-A933-4B42-BE2B-828585E4CFAF}
	EndGlobalSection
EndGlobal
